
Microsoft Visual Studio Solution File, Format Version 12.00
# Visual Studio Version 17
VisualStudioVersion = 17.11.35312.102
MinimumVisualStudioVersion = 10.0.40219.1
Project("{FAE04EC0-301F-11D3-BF4B-00C04F79EFBC}") = "C500Hemis", "C500Hemis\C500Hemis.csproj", "{25B43E80-8781-4E35-B3B5-32B6D3AACAA1}"
EndProject
Global
	GlobalSection(SolutionConfigurationPlatforms) = preSolution
		Debug|Any CPU = Debug|Any CPU
		Release|Any CPU = Release|Any CPU
	EndGlobalSection
	GlobalSection(ProjectConfigurationPlatforms) = postSolution
		{25B43E80-8781-4E35-B3B5-32B6D3AACAA1}.Debug|Any CPU.ActiveCfg = Debug|Any CPU
		{25B43E80-8781-4E35-B3B5-32B6D3AACAA1}.Debug|Any CPU.Build.0 = Debug|Any CPU
		{25B43E80-8781-4E35-B3B5-32B6D3AACAA1}.Release|Any CPU.ActiveCfg = Release|Any CPU
		{25B43E80-8781-4E35-B3B5-32B6D3AACAA1}.Release|Any CPU.Build.0 = Release|Any CPU
	EndGlobalSection
	GlobalSection(SolutionProperties) = preSolution
		HideSolutionNode = FALSE
	EndGlobalSection
	GlobalSection(ExtensibilityGlobals) = postSolution
		SolutionGuid = {B0558FE4-095E-49C9-AE8E-46615A978EB1}
	EndGlobalSection
EndGlobal
