
Microsoft Visual Studio Solution File, Format Version 12.00
# Visual Studio Version 17
VisualStudioVersion = 17.11.35312.102
MinimumVisualStudioVersion = 10.0.40219.1
Project("{9A19103F-16F7-4668-BE54-9A1E7A4F7556}") = "C500Hemis", "C500Hemis.csproj", "{EC2D0918-8A1A-459D-BC07-74658E0D8EEA}"
EndProject
Project("{9A19103F-16F7-4668-BE54-9A1E7A4F7556}") = "HemisApi", "..\HemisApi\HemisApi.csproj", "{02548ADB-9A0C-4D22-A34F-13D16FE19223}"
EndProject
Project("{FAE04EC0-301F-11D3-BF4B-00C04F79EFBC}") = "CanBo", "..\CanBo\CanBo.csproj", "{6E6900C9-67E4-4D1D-B9B6-EEF7607F53B4}"
EndProject
Global
	GlobalSection(SolutionConfigurationPlatforms) = preSolution
		Debug|Any CPU = Debug|Any CPU
		Release|Any CPU = Release|Any CPU
	EndGlobalSection
	GlobalSection(ProjectConfigurationPlatforms) = postSolution
		{EC2D0918-8A1A-459D-BC07-74658E0D8EEA}.Debug|Any CPU.ActiveCfg = Debug|Any CPU
		{EC2D0918-8A1A-459D-BC07-74658E0D8EEA}.Debug|Any CPU.Build.0 = Debug|Any CPU
		{EC2D0918-8A1A-459D-BC07-74658E0D8EEA}.Release|Any CPU.ActiveCfg = Release|Any CPU
		{EC2D0918-8A1A-459D-BC07-74658E0D8EEA}.Release|Any CPU.Build.0 = Release|Any CPU
		{02548ADB-9A0C-4D22-A34F-13D16FE19223}.Debug|Any CPU.ActiveCfg = Debug|Any CPU
		{02548ADB-9A0C-4D22-A34F-13D16FE19223}.Debug|Any CPU.Build.0 = Debug|Any CPU
		{02548ADB-9A0C-4D22-A34F-13D16FE19223}.Release|Any CPU.ActiveCfg = Release|Any CPU
		{02548ADB-9A0C-4D22-A34F-13D16FE19223}.Release|Any CPU.Build.0 = Release|Any CPU
		{6E6900C9-67E4-4D1D-B9B6-EEF7607F53B4}.Debug|Any CPU.ActiveCfg = Debug|Any CPU
		{6E6900C9-67E4-4D1D-B9B6-EEF7607F53B4}.Debug|Any CPU.Build.0 = Debug|Any CPU
		{6E6900C9-67E4-4D1D-B9B6-EEF7607F53B4}.Release|Any CPU.ActiveCfg = Release|Any CPU
		{6E6900C9-67E4-4D1D-B9B6-EEF7607F53B4}.Release|Any CPU.Build.0 = Release|Any CPU
	EndGlobalSection
	GlobalSection(SolutionProperties) = preSolution
		HideSolutionNode = FALSE
	EndGlobalSection
	GlobalSection(ExtensibilityGlobals) = postSolution
		SolutionGuid = {4B277A09-B883-4433-A774-A2C04D502FAA}
	EndGlobalSection
EndGlobal
